# This file is autogenerated, do not edit; changes may be undone by the next 'dep ensure'.


[[projects]]
  branch = "master"
  name = "github.com/dimiro1/toolkit"
  packages = [
    "binder",
    "params",
    "render",
    "router",
    "validator"
  ]
  revision = "4ac590ceff2224cbb8c4ac369c46989c4f23e9c5"

[[projects]]
  branch = "master"
  name = "github.com/dimiro1/toolkit-defaults"
  packages = [
    "binder",
    "internal/contenttype",
    "params",
    "render",
    "router",
    "validator"
  ]
  revision = "fa214a03df354acab49f7af3f084a233a50a7985"

[[projects]]
  name = "github.com/gorilla/context"
  packages = ["."]
  revision = "08b5f424b9271eedf6f9f0ce86cb9396ed337a42"
  version = "v1.1.1"

[[projects]]
  name = "github.com/gorilla/mux"
  packages = ["."]
  revision = "e3702bed27f0d39777b0b37b664b6280e8ef8fbf"
  version = "v1.6.2"

[[projects]]
  name = "github.com/gorilla/schema"
  packages = ["."]
  revision = "d0e4c24cff97ae983e9847e0ed5a02dc10013d41"
  version = "v1.0.2"

[[projects]]
  name = "github.com/kelseyhightower/envconfig"
  packages = ["."]
  revision = "f611eb38b3875cc3bd991ca91c51d06446afa14c"
  version = "v1.3.0"

[[projects]]
  name = "github.com/sirupsen/logrus"
  packages = ["."]
  revision = "c155da19408a8799da419ed3eeb0cb5db0ad5dbc"
  version = "v1.0.5"

[[projects]]
  branch = "master"
  name = "golang.org/x/crypto"
  packages = ["ssh/terminal"]
  revision = "027cca12c2d63e3d62b670d901e8a2c95854feec"

[[projects]]
  branch = "master"
  name = "golang.org/x/sys"
  packages = [
    "unix",
    "windows"
  ]
  revision = "6c888cc515d3ed83fc103cf1d84468aad274b0a7"

[solve-meta]
  analyzer-name = "dep"
  analyzer-version = 1
  inputs-digest = "1d1e53a2ff6d4a315dec908558ab5885f82c01c4f8129b106e6bfd59ecf00fc3"
  solver-name = "gps-cdcl"
  solver-version = 1
